
Microsoft Visual Studio Solution File, Format Version 12.00
# Visual Studio Version 16
VisualStudioVersion = 16.0.29509.3
MinimumVisualStudioVersion = 10.0.40219.1
Project("{FAE04EC0-301F-11D3-BF4B-00C04F79EFBC}") = "OpenGL", "OpenGL.csproj", "{73AB4E00-34F5-4C73-8A3C-61253CD3A776}"
EndProject
Global
	GlobalSection(SolutionConfigurationPlatforms) = preSolution
		Debug|Any CPU = Debug|Any CPU
		Release|Any CPU = Release|Any CPU
	EndGlobalSection
	GlobalSection(ProjectConfigurationPlatforms) = postSolution
		{73AB4E00-34F5-4C73-8A3C-61253CD3A776}.Debug|Any CPU.ActiveCfg = Debug|Any CPU
		{73AB4E00-34F5-4C73-8A3C-61253CD3A776}.Debug|Any CPU.Build.0 = Debug|Any CPU
		{73AB4E00-34F5-4C73-8A3C-61253CD3A776}.Release|Any CPU.ActiveCfg = Release|Any CPU
		{73AB4E00-34F5-4C73-8A3C-61253CD3A776}.Release|Any CPU.Build.0 = Release|Any CPU
	EndGlobalSection
	GlobalSection(SolutionProperties) = preSolution
		HideSolutionNode = FALSE
	EndGlobalSection
	GlobalSection(ExtensibilityGlobals) = postSolution
		SolutionGuid = {91C888F2-633B-4471-9B12-E0FFFA0D465D}
	EndGlobalSection
EndGlobal
